
Microsoft Visual Studio Solution File, Format Version 12.00
# Visual Studio Version 17
VisualStudioVersion = 17.4.33205.214
MinimumVisualStudioVersion = 10.0.40219.1
Project("{FAE04EC0-301F-11D3-BF4B-00C04F79EFBC}") = "ClassroomAPI", "ClassroomAPI\ClassroomAPI.csproj", "{5850C652-6038-4A78-AF17-D47D1D8F6650}"
EndProject
Global
	GlobalSection(SolutionConfigurationPlatforms) = preSolution
		Debug|Any CPU = Debug|Any CPU
		Release|Any CPU = Release|Any CPU
	EndGlobalSection
	GlobalSection(ProjectConfigurationPlatforms) = postSolution
		{5850C652-6038-4A78-AF17-D47D1D8F6650}.Debug|Any CPU.ActiveCfg = Debug|Any CPU
		{5850C652-6038-4A78-AF17-D47D1D8F6650}.Debug|Any CPU.Build.0 = Debug|Any CPU
		{5850C652-6038-4A78-AF17-D47D1D8F6650}.Release|Any CPU.ActiveCfg = Release|Any CPU
		{5850C652-6038-4A78-AF17-D47D1D8F6650}.Release|Any CPU.Build.0 = Release|Any CPU
	EndGlobalSection
	GlobalSection(SolutionProperties) = preSolution
		HideSolutionNode = FALSE
	EndGlobalSection
	GlobalSection(ExtensibilityGlobals) = postSolution
		SolutionGuid = {7A7E28E3-7719-4181-9D0B-DE9C3789CA08}
	EndGlobalSection
EndGlobal
